
Microsoft Visual Studio Solution File, Format Version 12.00
# Visual Studio Version 16
VisualStudioVersion = 16.0.29409.12
MinimumVisualStudioVersion = 10.0.40219.1
Project("{FAE04EC0-301F-11D3-BF4B-00C04F79EFBC}") = "Receipt", "receipt\Receipt.csproj", "{DDCB3671-AAFD-488F-8318-3B14F0C9C9A9}"
EndProject
Project("{FAE04EC0-301F-11D3-BF4B-00C04F79EFBC}") = "Area", "Area\Area.csproj", "{66540258-F0B9-429F-AA24-5E0335BF6DB1}"
EndProject
Global
	GlobalSection(SolutionConfigurationPlatforms) = preSolution
		Debug|Any CPU = Debug|Any CPU
		Release|Any CPU = Release|Any CPU
	EndGlobalSection
	GlobalSection(ProjectConfigurationPlatforms) = postSolution
		{DDCB3671-AAFD-488F-8318-3B14F0C9C9A9}.Debug|Any CPU.ActiveCfg = Debug|Any CPU
		{DDCB3671-AAFD-488F-8318-3B14F0C9C9A9}.Debug|Any CPU.Build.0 = Debug|Any CPU
		{DDCB3671-AAFD-488F-8318-3B14F0C9C9A9}.Release|Any CPU.ActiveCfg = Release|Any CPU
		{DDCB3671-AAFD-488F-8318-3B14F0C9C9A9}.Release|Any CPU.Build.0 = Release|Any CPU
		{66540258-F0B9-429F-AA24-5E0335BF6DB1}.Debug|Any CPU.ActiveCfg = Debug|Any CPU
		{66540258-F0B9-429F-AA24-5E0335BF6DB1}.Debug|Any CPU.Build.0 = Debug|Any CPU
		{66540258-F0B9-429F-AA24-5E0335BF6DB1}.Release|Any CPU.ActiveCfg = Release|Any CPU
		{66540258-F0B9-429F-AA24-5E0335BF6DB1}.Release|Any CPU.Build.0 = Release|Any CPU
	EndGlobalSection
	GlobalSection(SolutionProperties) = preSolution
		HideSolutionNode = FALSE
	EndGlobalSection
	GlobalSection(ExtensibilityGlobals) = postSolution
		SolutionGuid = {711EE6BE-4A5A-467F-B183-D131BB7DF00D}
	EndGlobalSection
EndGlobal
